// !$*UTF8*$!
{
	archiveVersion = 1;
	classes = {
	};
	objectVersion = 46;
	objects = {

/* Begin PBXBuildFile section */
		38DE52711E7BD5B5009B6215 /* CollectionViewCell.m in Sources */ = {isa = PBXBuildFile; fileRef = 38DE52701E7BD5B5009B6215 /* CollectionViewCell.m */; };
		38FE54151E70331C00EAB436 /* main.m in Sources */ = {isa = PBXBuildFile; fileRef = 38FE54141E70331C00EAB436 /* main.m */; };
		38FE54181E70331C00EAB436 /* AppDelegate.m in Sources */ = {isa = PBXBuildFile; fileRef = 38FE54171E70331C00EAB436 /* AppDelegate.m */; };
		38FE541E1E70331C00EAB436 /* Main.storyboard in Resources */ = {isa = PBXBuildFile; fileRef = 38FE541C1E70331C00EAB436 /* Main.storyboard */; };
		38FE54201E70331C00EAB436 /* Assets.xcassets in Resources */ = {isa = PBXBuildFile; fileRef = 38FE541F1E70331C00EAB436 /* Assets.xcassets */; };
		38FE54231E70331C00EAB436 /* LaunchScreen.storyboard in Resources */ = {isa = PBXBuildFile; fileRef = 38FE54211E70331C00EAB436 /* LaunchScreen.storyboard */; };
		38FE542E1E70331C00EAB436 /* UICollectionViewTests.m in Sources */ = {isa = PBXBuildFile; fileRef = 38FE542D1E70331C00EAB436 /* UICollectionViewTests.m */; };
		38FE54391E70331C00EAB436 /* UICollectionViewUITests.m in Sources */ = {isa = PBXBuildFile; fileRef = 38FE54381E70331C00EAB436 /* UICollectionViewUITests.m */; };
		38FE54481E7033C500EAB436 /* CollectionViewController.m in Sources */ = {isa = PBXBuildFile; fileRef = 38FE54471E7033C500EAB436 /* CollectionViewController.m */; };
		38FE544D1E70444C00EAB436 /* main-bg.jpg in Resources */ = {isa = PBXBuildFile; fileRef = 38FE544C1E70444C00EAB436 /* main-bg.jpg */; };
		38FE54521E704C1B00EAB436 /* natsume.jpg in Resources */ = {isa = PBXBuildFile; fileRef = 38FE54511E704C1B00EAB436 /* natsume.jpg */; };
		38FE54541E704C4500EAB436 /* lincolin.jpg in Resources */ = {isa = PBXBuildFile; fileRef = 38FE54531E704C4500EAB436 /* lincolin.jpg */; };
		38FE54561E704C6700EAB436 /* img5.jpg in Resources */ = {isa = PBXBuildFile; fileRef = 38FE54551E704C6700EAB436 /* img5.jpg */; };
/* End PBXBuildFile section */

/* Begin PBXContainerItemProxy section */
		38FE542A1E70331C00EAB436 /* PBXContainerItemProxy */ = {
			isa = PBXContainerItemProxy;
			containerPortal = 38FE54081E70331C00EAB436 /* Project object */;
			proxyType = 1;
			remoteGlobalIDString = 38FE540F1E70331C00EAB436;
			remoteInfo = UICollectionView;
		};
		38FE54351E70331C00EAB436 /* PBXContainerItemProxy */ = {
			isa = PBXContainerItemProxy;
			containerPortal = 38FE54081E70331C00EAB436 /* Project object */;
			proxyType = 1;
			remoteGlobalIDString = 38FE540F1E70331C00EAB436;
			remoteInfo = UICollectionView;
		};
/* End PBXContainerItemProxy section */

/* Begin PBXFileReference section */
		38DE526F1E7BD5B5009B6215 /* CollectionViewCell.h */ = {isa = PBXFileReference; fileEncoding = 4; lastKnownFileType = sourcecode.c.h; path = CollectionViewCell.h; sourceTree = "<group>"; };
		38DE52701E7BD5B5009B6215 /* CollectionViewCell.m */ = {isa = PBXFileReference; fileEncoding = 4; lastKnownFileType = sourcecode.c.objc; path = CollectionViewCell.m; sourceTree = "<group>"; };
		38FE54101E70331C00EAB436 /* UICollectionView.app */ = {isa = PBXFileReference; explicitFileType = wrapper.application; includeInIndex = 0; path = UICollectionView.app; sourceTree = BUILT_PRODUCTS_DIR; };
		38FE54141E70331C00EAB436 /* main.m */ = {isa = PBXFileReference; lastKnownFileType = sourcecode.c.objc; path = main.m; sourceTree = "<group>"; };
		38FE54161E70331C00EAB436 /* AppDelegate.h */ = {isa = PBXFileReference; lastKnownFileType = sourcecode.c.h; path = AppDelegate.h; sourceTree = "<group>"; };
		38FE54171E70331C00EAB436 /* AppDelegate.m */ = {isa = PBXFileReference; lastKnownFileType = sourcecode.c.objc; path = AppDelegate.m; sourceTree = "<group>"; };
		38FE541D1E70331C00EAB436 /* Base */ = {isa = PBXFileReference; lastKnownFileType = file.storyboard; name = Base; path = Base.lproj/Main.storyboard; sourceTree = "<group>"; };
		38FE541F1E70331C00EAB436 /* Assets.xcassets */ = {isa = PBXFileReference; lastKnownFileType = folder.assetcatalog; path = Assets.xcassets; sourceTree = "<group>"; };
		38FE54221E70331C00EAB436 /* Base */ = {isa = PBXFileReference; lastKnownFileType = file.storyboard; name = Base; path = Base.lproj/LaunchScreen.storyboard; sourceTree = "<group>"; };
		38FE54241E70331C00EAB436 /* Info.plist */ = {isa = PBXFileReference; lastKnownFileType = text.plist.xml; path = Info.plist; sourceTree = "<group>"; };
		38FE54291E70331C00EAB436 /* UICollectionViewTests.xctest */ = {isa = PBXFileReference; explicitFileType = wrapper.cfbundle; includeInIndex = 0; path = UICollectionViewTests.xctest; sourceTree = BUILT_PRODUCTS_DIR; };
		38FE542D1E70331C00EAB436 /* UICollectionViewTests.m */ = {isa = PBXFileReference; lastKnownFileType = sourcecode.c.objc; path = UICollectionViewTests.m; sourceTree = "<group>"; };
		38FE542F1E70331C00EAB436 /* Info.plist */ = {isa = PBXFileReference; lastKnownFileType = text.plist.xml; path = Info.plist; sourceTree = "<group>"; };
		38FE54341E70331C00EAB436 /* UICollectionViewUITests.xctest */ = {isa = PBXFileReference; explicitFileType = wrapper.cfbundle; includeInIndex = 0; path = UICollectionViewUITests.xctest; sourceTree = BUILT_PRODUCTS_DIR; };
		38FE54381E70331C00EAB436 /* UICollectionViewUITests.m */ = {isa = PBXFileReference; lastKnownFileType = sourcecode.c.objc; path = UICollectionViewUITests.m; sourceTree = "<group>"; };
		38FE543A1E70331C00EAB436 /* Info.plist */ = {isa = PBXFileReference; lastKnownFileType = text.plist.xml; path = Info.plist; sourceTree = "<group>"; };
		38FE54461E7033B600EAB436 /* CollectionViewController.h */ = {isa = PBXFileReference; fileEncoding = 4; lastKnownFileType = sourcecode.c.h; path = CollectionViewController.h; sourceTree = "<group>"; };
		38FE54471E7033C500EAB436 /* CollectionViewController.m */ = {isa = PBXFileReference; fileEncoding = 4; lastKnownFileType = sourcecode.c.objc; path = CollectionViewController.m; sourceTree = "<group>"; };
		38FE544C1E70444C00EAB436 /* main-bg.jpg */ = {isa = PBXFileReference; lastKnownFileType = image.jpeg; path = "main-bg.jpg"; sourceTree = "<group>"; };
		38FE54511E704C1B00EAB436 /* natsume.jpg */ = {isa = PBXFileReference; lastKnownFileType = image.jpeg; path = natsume.jpg; sourceTree = "<group>"; };
		38FE54531E704C4500EAB436 /* lincolin.jpg */ = {isa = PBXFileReference; lastKnownFileType = image.jpeg; path = lincolin.jpg; sourceTree = "<group>"; };
		38FE54551E704C6700EAB436 /* img5.jpg */ = {isa = PBXFileReference; lastKnownFileType = image.jpeg; path = img5.jpg; sourceTree = "<group>"; };
/* End PBXFileReference section */

/* Begin PBXFrameworksBuildPhase section */
		38FE540D1E70331C00EAB436 /* Frameworks */ = {
			isa = PBXFrameworksBuildPhase;
			buildActionMask = 2147483647;
			files = (
			);
			runOnlyForDeploymentPostprocessing = 0;
		};
		38FE54261E70331C00EAB436 /* Frameworks */ = {
			isa = PBXFrameworksBuildPhase;
			buildActionMask = 2147483647;
			files = (
			);
			runOnlyForDeploymentPostprocessing = 0;
		};
		38FE54311E70331C00EAB436 /* Frameworks */ = {
			isa = PBXFrameworksBuildPhase;
			buildActionMask = 2147483647;
			files = (
			);
			runOnlyForDeploymentPostprocessing = 0;
		};
/* End PBXFrameworksBuildPhase section */

/* Begin PBXGroup section */
		38FE54071E70331C00EAB436 = {
			isa = PBXGroup;
			children = (
				38FE54121E70331C00EAB436 /* UICollectionView */,
				38FE542C1E70331C00EAB436 /* UICollectionViewTests */,
				38FE54371E70331C00EAB436 /* UICollectionViewUITests */,
				38FE54111E70331C00EAB436 /* Products */,
			);
			sourceTree = "<group>";
		};
		38FE54111E70331C00EAB436 /* Products */ = {
			isa = PBXGroup;
			children = (
				38FE54101E70331C00EAB436 /* UICollectionView.app */,
				38FE54291E70331C00EAB436 /* UICollectionViewTests.xctest */,
				38FE54341E70331C00EAB436 /* UICollectionViewUITests.xctest */,
			);
			name = Products;
			sourceTree = "<group>";
		};
		38FE54121E70331C00EAB436 /* UICollectionView */ = {
			isa = PBXGroup;
			children = (
				38FE54161E70331C00EAB436 /* AppDelegate.h */,
				38FE54171E70331C00EAB436 /* AppDelegate.m */,
				38FE54461E7033B600EAB436 /* CollectionViewController.h */,
				38FE54471E7033C500EAB436 /* CollectionViewController.m */,
				38DE526F1E7BD5B5009B6215 /* CollectionViewCell.h */,
				38DE52701E7BD5B5009B6215 /* CollectionViewCell.m */,
				38FE541C1E70331C00EAB436 /* Main.storyboard */,
				38FE54551E704C6700EAB436 /* img5.jpg */,
				38FE54511E704C1B00EAB436 /* natsume.jpg */,
				38FE544C1E70444C00EAB436 /* main-bg.jpg */,
				38FE54531E704C4500EAB436 /* lincolin.jpg */,
				38FE541F1E70331C00EAB436 /* Assets.xcassets */,
				38FE54211E70331C00EAB436 /* LaunchScreen.storyboard */,
				38FE54241E70331C00EAB436 /* Info.plist */,
				38FE54131E70331C00EAB436 /* Supporting Files */,
			);
			path = UICollectionView;
			sourceTree = "<group>";
		};
		38FE54131E70331C00EAB436 /* Supporting Files */ = {
			isa = PBXGroup;
			children = (
				38FE54141E70331C00EAB436 /* main.m */,
			);
			name = "Supporting Files";
			sourceTree = "<group>";
		};
		38FE542C1E70331C00EAB436 /* UICollectionViewTests */ = {
			isa = PBXGroup;
			children = (
				38FE542D1E70331C00EAB436 /* UICollectionViewTests.m */,
				38FE542F1E70331C00EAB436 /* Info.plist */,
			);
			path = UICollectionViewTests;
			sourceTree = "<group>";
		};
		38FE54371E70331C00EAB436 /* UICollectionViewUITests */ = {
			isa = PBXGroup;
			children = (
				38FE54381E70331C00EAB436 /* UICollectionViewUITests.m */,
				38FE543A1E70331C00EAB436 /* Info.plist */,
			);
			path = UICollectionViewUITests;
			sourceTree = "<group>";
		};
/* End PBXGroup section */

/* Begin PBXNativeTarget section */
		38FE540F1E70331C00EAB436 /* UICollectionView */ = {
			isa = PBXNativeTarget;
			buildConfigurationList = 38FE543D1E70331C00EAB436 /* Build configuration list for PBXNativeTarget "UICollectionView" */;
			buildPhases = (
				38FE540C1E70331C00EAB436 /* Sources */,
				38FE540D1E70331C00EAB436 /* Frameworks */,
				38FE540E1E70331C00EAB436 /* Resources */,
			);
			buildRules = (
			);
			dependencies = (
			);
			name = UICollectionView;
			productName = UICollectionView;
			productReference = 38FE54101E70331C00EAB436 /* UICollectionView.app */;
			productType = "com.apple.product-type.application";
		};
		38FE54281E70331C00EAB436 /* UICollectionViewTests */ = {
			isa = PBXNativeTarget;
			buildConfigurationList = 38FE54401E70331C00EAB436 /* Build configuration list for PBXNativeTarget "UICollectionViewTests" */;
			buildPhases = (
				38FE54251E70331C00EAB436 /* Sources */,
				38FE54261E70331C00EAB436 /* Frameworks */,
				38FE54271E70331C00EAB436 /* Resources */,
			);
			buildRules = (
			);
			dependencies = (
				38FE542B1E70331C00EAB436 /* PBXTargetDependency */,
			);
			name = UICollectionViewTests;
			productName = UICollectionViewTests;
			productReference = 38FE54291E70331C00EAB436 /* UICollectionViewTests.xctest */;
			productType = "com.apple.product-type.bundle.unit-test";
		};
		38FE54331E70331C00EAB436 /* UICollectionViewUITests */ = {
			isa = PBXNativeTarget;
			buildConfigurationList = 38FE54431E70331C00EAB436 /* Build configuration list for PBXNativeTarget "UICollectionViewUITests" */;
			buildPhases = (
				38FE54301E70331C00EAB436 /* Sources */,
				38FE54311E70331C00EAB436 /* Frameworks */,
				38FE54321E70331C00EAB436 /* Resources */,
			);
			buildRules = (
			);
			dependencies = (
				38FE54361E70331C00EAB436 /* PBXTargetDependency */,
			);
			name = UICollectionViewUITests;
			productName = UICollectionViewUITests;
			productReference = 38FE54341E70331C00EAB436 /* UICollectionViewUITests.xctest */;
			productType = "com.apple.product-type.bundle.ui-testing";
		};
/* End PBXNativeTarget section */

/* Begin PBXProject section */
		38FE54081E70331C00EAB436 /* Project object */ = {
			isa = PBXProject;
			attributes = {
				KnownAssetTags = (
					2,
				);
				LastUpgradeCheck = 0820;
				ORGANIZATIONNAME = "Manami Ichikawa";
				TargetAttributes = {
					38FE540F1E70331C00EAB436 = {
						CreatedOnToolsVersion = 8.2.1;
						ProvisioningStyle = Automatic;
					};
					38FE54281E70331C00EAB436 = {
						CreatedOnToolsVersion = 8.2.1;
						ProvisioningStyle = Automatic;
						TestTargetID = 38FE540F1E70331C00EAB436;
					};
					38FE54331E70331C00EAB436 = {
						CreatedOnToolsVersion = 8.2.1;
						ProvisioningStyle = Automatic;
						TestTargetID = 38FE540F1E70331C00EAB436;
					};
				};
			};
			buildConfigurationList = 38FE540B1E70331C00EAB436 /* Build configuration list for PBXProject "UICollectionView" */;
			compatibilityVersion = "Xcode 3.2";
			developmentRegion = English;
			hasScannedForEncodings = 0;
			knownRegions = (
				en,
				Base,
			);
			mainGroup = 38FE54071E70331C00EAB436;
			productRefGroup = 38FE54111E70331C00EAB436 /* Products */;
			projectDirPath = "";
			projectRoot = "";
			targets = (
				38FE540F1E70331C00EAB436 /* UICollectionView */,
				38FE54281E70331C00EAB436 /* UICollectionViewTests */,
				38FE54331E70331C00EAB436 /* UICollectionViewUITests */,
			);
		};
/* End PBXProject section */

/* Begin PBXResourcesBuildPhase section */
		38FE540E1E70331C00EAB436 /* Resources */ = {
			isa = PBXResourcesBuildPhase;
			buildActionMask = 2147483647;
			files = (
				38FE54231E70331C00EAB436 /* LaunchScreen.storyboard in Resources */,
				38FE54541E704C4500EAB436 /* lincolin.jpg in Resources */,
				38FE544D1E70444C00EAB436 /* main-bg.jpg in Resources */,
				38FE54521E704C1B00EAB436 /* natsume.jpg in Resources */,
				38FE54561E704C6700EAB436 /* img5.jpg in Resources */,
				38FE54201E70331C00EAB436 /* Assets.xcassets in Resources */,
				38FE541E1E70331C00EAB436 /* Main.storyboard in Resources */,
			);
			runOnlyForDeploymentPostprocessing = 0;
		};
		38FE54271E70331C00EAB436 /* Resources */ = {
			isa = PBXResourcesBuildPhase;
			buildActionMask = 2147483647;
			files = (
			);
			runOnlyForDeploymentPostprocessing = 0;
		};
		38FE54321E70331C00EAB436 /* Resources */ = {
			isa = PBXResourcesBuildPhase;
			buildActionMask = 2147483647;
			files = (
			);
			runOnlyForDeploymentPostprocessing = 0;
		};
/* End PBXResourcesBuildPhase section */

/* Begin PBXSourcesBuildPhase section */
		38FE540C1E70331C00EAB436 /* Sources */ = {
			isa = PBXSourcesBuildPhase;
			buildActionMask = 2147483647;
			files = (
				38FE54181E70331C00EAB436 /* AppDelegate.m in Sources */,
				38FE54151E70331C00EAB436 /* main.m in Sources */,
				38DE52711E7BD5B5009B6215 /* CollectionViewCell.m in Sources */,
				38FE54481E7033C500EAB436 /* CollectionViewController.m in Sources */,
			);
			runOnlyForDeploymentPostprocessing = 0;
		};
		38FE54251E70331C00EAB436 /* Sources */ = {
			isa = PBXSourcesBuildPhase;
			buildActionMask = 2147483647;
			files = (
				38FE542E1E70331C00EAB436 /* UICollectionViewTests.m in Sources */,
			);
			runOnlyForDeploymentPostprocessing = 0;
		};
		38FE54301E70331C00EAB436 /* Sources */ = {
			isa = PBXSourcesBuildPhase;
			buildActionMask = 2147483647;
			files = (
				38FE54391E70331C00EAB436 /* UICollectionViewUITests.m in Sources */,
			);
			runOnlyForDeploymentPostprocessing = 0;
		};
/* End PBXSourcesBuildPhase section */

/* Begin PBXTargetDependency section */
		38FE542B1E70331C00EAB436 /* PBXTargetDependency */ = {
			isa = PBXTargetDependency;
			target = 38FE540F1E70331C00EAB436 /* UICollectionView */;
			targetProxy = 38FE542A1E70331C00EAB436 /* PBXContainerItemProxy */;
		};
		38FE54361E70331C00EAB436 /* PBXTargetDependency */ = {
			isa = PBXTargetDependency;
			target = 38FE540F1E70331C00EAB436 /* UICollectionView */;
			targetProxy = 38FE54351E70331C00EAB436 /* PBXContainerItemProxy */;
		};
/* End PBXTargetDependency section */

/* Begin PBXVariantGroup section */
		38FE541C1E70331C00EAB436 /* Main.storyboard */ = {
			isa = PBXVariantGroup;
			children = (
				38FE541D1E70331C00EAB436 /* Base */,
			);
			name = Main.storyboard;
			sourceTree = "<group>";
		};
		38FE54211E70331C00EAB436 /* LaunchScreen.storyboard */ = {
			isa = PBXVariantGroup;
			children = (
				38FE54221E70331C00EAB436 /* Base */,
			);
			name = LaunchScreen.storyboard;
			sourceTree = "<group>";
		};
/* End PBXVariantGroup section */

/* Begin XCBuildConfiguration section */
		38FE543B1E70331C00EAB436 /* Debug */ = {
			isa = XCBuildConfiguration;
			buildSettings = {
				ALWAYS_SEARCH_USER_PATHS = NO;
				CLANG_ANALYZER_NONNULL = YES;
				CLANG_CXX_LANGUAGE_STANDARD = "gnu++0x";
				CLANG_CXX_LIBRARY = "libc++";
				CLANG_ENABLE_MODULES = YES;
				CLANG_ENABLE_OBJC_ARC = YES;
				CLANG_WARN_BOOL_CONVERSION = YES;
				CLANG_WARN_CONSTANT_CONVERSION = YES;
				CLANG_WARN_DIRECT_OBJC_ISA_USAGE = YES_ERROR;
				CLANG_WARN_DOCUMENTATION_COMMENTS = YES;
				CLANG_WARN_EMPTY_BODY = YES;
				CLANG_WARN_ENUM_CONVERSION = YES;
				CLANG_WARN_INFINITE_RECURSION = YES;
				CLANG_WARN_INT_CONVERSION = YES;
				CLANG_WARN_OBJC_ROOT_CLASS = YES_ERROR;
				CLANG_WARN_SUSPICIOUS_MOVE = YES;
				CLANG_WARN_UNREACHABLE_CODE = YES;
				CLANG_WARN__DUPLICATE_METHOD_MATCH = YES;
				"CODE_SIGN_IDENTITY[sdk=iphoneos*]" = "iPhone Developer";
				COPY_PHASE_STRIP = NO;
				DEBUG_INFORMATION_FORMAT = dwarf;
				ENABLE_STRICT_OBJC_MSGSEND = YES;
				ENABLE_TESTABILITY = YES;
				GCC_C_LANGUAGE_STANDARD = gnu99;
				GCC_DYNAMIC_NO_PIC = NO;
				GCC_NO_COMMON_BLOCKS = YES;
				GCC_OPTIMIZATION_LEVEL = 0;
				GCC_PREPROCESSOR_DEFINITIONS = (
					"DEBUG=1",
					"$(inherited)",
				);
				GCC_WARN_64_TO_32_BIT_CONVERSION = YES;
				GCC_WARN_ABOUT_RETURN_TYPE = YES_ERROR;
				GCC_WARN_UNDECLARED_SELECTOR = YES;
				GCC_WARN_UNINITIALIZED_AUTOS = YES_AGGRESSIVE;
				GCC_WARN_UNUSED_FUNCTION = YES;
				GCC_WARN_UNUSED_VARIABLE = YES;
				IPHONEOS_DEPLOYMENT_TARGET = 10.2;
				MTL_ENABLE_DEBUG_INFO = YES;
				ONLY_ACTIVE_ARCH = YES;
				SDKROOT = iphoneos;
				TARGETED_DEVICE_FAMILY = "1,2";
			};
			name = Debug;
		};
		38FE543C1E70331C00EAB436 /* Release */ = {
			isa = XCBuildConfiguration;
			buildSettings = {
				ALWAYS_SEARCH_USER_PATHS = NO;
				CLANG_ANALYZER_NONNULL = YES;
				CLANG_CXX_LANGUAGE_STANDARD = "gnu++0x";
				CLANG_CXX_LIBRARY = "libc++";
				CLANG_ENABLE_MODULES = YES;
				CLANG_ENABLE_OBJC_ARC = YES;
				CLANG_WARN_BOOL_CONVERSION = YES;
				CLANG_WARN_CONSTANT_CONVERSION = YES;
				CLANG_WARN_DIRECT_OBJC_ISA_USAGE = YES_ERROR;
				CLANG_WARN_DOCUMENTATION_COMMENTS = YES;
				CLANG_WARN_EMPTY_BODY = YES;
				CLANG_WARN_ENUM_CONVERSION = YES;
				CLANG_WARN_INFINITE_RECURSION = YES;
				CLANG_WARN_INT_CONVERSION = YES;
				CLANG_WARN_OBJC_ROOT_CLASS = YES_ERROR;
				CLANG_WARN_SUSPICIOUS_MOVE = YES;
				CLANG_WARN_UNREACHABLE_CODE = YES;
				CLANG_WARN__DUPLICATE_METHOD_MATCH = YES;
				"CODE_SIGN_IDENTITY[sdk=iphoneos*]" = "iPhone Developer";
				COPY_PHASE_STRIP = NO;
				DEBUG_INFORMATION_FORMAT = "dwarf-with-dsym";
				ENABLE_NS_ASSERTIONS = NO;
				ENABLE_STRICT_OBJC_MSGSEND = YES;
				GCC_C_LANGUAGE_STANDARD = gnu99;
				GCC_NO_COMMON_BLOCKS = YES;
				GCC_WARN_64_TO_32_BIT_CONVERSION = YES;
				GCC_WARN_ABOUT_RETURN_TYPE = YES_ERROR;
				GCC_WARN_UNDECLARED_SELECTOR = YES;
				GCC_WARN_UNINITIALIZED_AUTOS = YES_AGGRESSIVE;
				GCC_WARN_UNUSED_FUNCTION = YES;
				GCC_WARN_UNUSED_VARIABLE = YES;
				IPHONEOS_DEPLOYMENT_TARGET = 10.2;
				MTL_ENABLE_DEBUG_INFO = NO;
				SDKROOT = iphoneos;
				TARGETED_DEVICE_FAMILY = "1,2";
				VALIDATE_PRODUCT = YES;
			};
			name = Release;
		};
		38FE543E1E70331C00EAB436 /* Debug */ = {
			isa = XCBuildConfiguration;
			buildSettings = {
				ASSETCATALOG_COMPILER_APPICON_NAME = AppIcon;
				INFOPLIST_FILE = UICollectionView/Info.plist;
				LD_RUNPATH_SEARCH_PATHS = "$(inherited) @executable_path/Frameworks";
				PRODUCT_BUNDLE_IDENTIFIER = edu.myself.UICollectionView;
				PRODUCT_NAME = "$(TARGET_NAME)";
			};
			name = Debug;
		};
		38FE543F1E70331C00EAB436 /* Release */ = {
			isa = XCBuildConfiguration;
			buildSettings = {
				ASSETCATALOG_COMPILER_APPICON_NAME = AppIcon;
				INFOPLIST_FILE = UICollectionView/Info.plist;
				LD_RUNPATH_SEARCH_PATHS = "$(inherited) @executable_path/Frameworks";
				PRODUCT_BUNDLE_IDENTIFIER = edu.myself.UICollectionView;
				PRODUCT_NAME = "$(TARGET_NAME)";
			};
			name = Release;
		};
		38FE54411E70331C00EAB436 /* Debug */ = {
			isa = XCBuildConfiguration;
			buildSettings = {
				BUNDLE_LOADER = "$(TEST_HOST)";
				INFOPLIST_FILE = UICollectionViewTests/Info.plist;
				LD_RUNPATH_SEARCH_PATHS = "$(inherited) @executable_path/Frameworks @loader_path/Frameworks";
				PRODUCT_BUNDLE_IDENTIFIER = edu.myself.UICollectionViewTests;
				PRODUCT_NAME = "$(TARGET_NAME)";
				TEST_HOST = "$(BUILT_PRODUCTS_DIR)/UICollectionView.app/UICollectionView";
			};
			name = Debug;
		};
		38FE54421E70331C00EAB436 /* Release */ = {
			isa = XCBuildConfiguration;
			buildSettings = {
				BUNDLE_LOADER = "$(TEST_HOST)";
				INFOPLIST_FILE = UICollectionViewTests/Info.plist;
				LD_RUNPATH_SEARCH_PATHS = "$(inherited) @executable_path/Frameworks @loader_path/Frameworks";
				PRODUCT_BUNDLE_IDENTIFIER = edu.myself.UICollectionViewTests;
				PRODUCT_NAME = "$(TARGET_NAME)";
				TEST_HOST = "$(BUILT_PRODUCTS_DIR)/UICollectionView.app/UICollectionView";
			};
			name = Release;
		};
		38FE54441E70331C00EAB436 /* Debug */ = {
			isa = XCBuildConfiguration;
			buildSettings = {
				INFOPLIST_FILE = UICollectionViewUITests/Info.plist;
				LD_RUNPATH_SEARCH_PATHS = "$(inherited) @executable_path/Frameworks @loader_path/Frameworks";
				PRODUCT_BUNDLE_IDENTIFIER = edu.myself.UICollectionViewUITests;
				PRODUCT_NAME = "$(TARGET_NAME)";
				TEST_TARGET_NAME = UICollectionView;
			};
			name = Debug;
		};
		38FE54451E70331C00EAB436 /* Release */ = {
			isa = XCBuildConfiguration;
			buildSettings = {
				INFOPLIST_FILE = UICollectionViewUITests/Info.plist;
				LD_RUNPATH_SEARCH_PATHS = "$(inherited) @executable_path/Frameworks @loader_path/Frameworks";
				PRODUCT_BUNDLE_IDENTIFIER = edu.myself.UICollectionViewUITests;
				PRODUCT_NAME = "$(TARGET_NAME)";
				TEST_TARGET_NAME = UICollectionView;
			};
			name = Release;
		};
/* End XCBuildConfiguration section */

/* Begin XCConfigurationList section */
		38FE540B1E70331C00EAB436 /* Build configuration list for PBXProject "UICollectionView" */ = {
			isa = XCConfigurationList;
			buildConfigurations = (
				38FE543B1E70331C00EAB436 /* Debug */,
				38FE543C1E70331C00EAB436 /* Release */,
			);
			defaultConfigurationIsVisible = 0;
			defaultConfigurationName = Release;
		};
		38FE543D1E70331C00EAB436 /* Build configuration list for PBXNativeTarget "UICollectionView" */ = {
			isa = XCConfigurationList;
			buildConfigurations = (
				38FE543E1E70331C00EAB436 /* Debug */,
				38FE543F1E70331C00EAB436 /* Release */,
			);
			defaultConfigurationIsVisible = 0;
			defaultConfigurationName = Release;
		};
		38FE54401E70331C00EAB436 /* Build configuration list for PBXNativeTarget "UICollectionViewTests" */ = {
			isa = XCConfigurationList;
			buildConfigurations = (
				38FE54411E70331C00EAB436 /* Debug */,
				38FE54421E70331C00EAB436 /* Release */,
			);
			defaultConfigurationIsVisible = 0;
			defaultConfigurationName = Release;
		};
		38FE54431E70331C00EAB436 /* Build configuration list for PBXNativeTarget "UICollectionViewUITests" */ = {
			isa = XCConfigurationList;
			buildConfigurations = (
				38FE54441E70331C00EAB436 /* Debug */,
				38FE54451E70331C00EAB436 /* Release */,
			);
			defaultConfigurationIsVisible = 0;
			defaultConfigurationName = Release;
		};
/* End XCConfigurationList section */
	};
	rootObject = 38FE54081E70331C00EAB436 /* Project object */;
}
