// !$*UTF8*$!
{
	archiveVersion = 1;
	classes = {
	};
	objectVersion = 46;
	objects = {

/* Begin PBXBuildFile section */
		3803D6041E83D6B40055226B /* main.m in Sources */ = {isa = PBXBuildFile; fileRef = 3803D6031E83D6B40055226B /* main.m */; };
		3803D6071E83D6B40055226B /* AppDelegate.m in Sources */ = {isa = PBXBuildFile; fileRef = 3803D6061E83D6B40055226B /* AppDelegate.m */; };
		3803D60A1E83D6B40055226B /* ViewController.m in Sources */ = {isa = PBXBuildFile; fileRef = 3803D6091E83D6B40055226B /* ViewController.m */; };
		3803D60D1E83D6B40055226B /* Main.storyboard in Resources */ = {isa = PBXBuildFile; fileRef = 3803D60B1E83D6B40055226B /* Main.storyboard */; };
		3803D60F1E83D6B40055226B /* Assets.xcassets in Resources */ = {isa = PBXBuildFile; fileRef = 3803D60E1E83D6B40055226B /* Assets.xcassets */; };
		3803D6121E83D6B40055226B /* LaunchScreen.storyboard in Resources */ = {isa = PBXBuildFile; fileRef = 3803D6101E83D6B40055226B /* LaunchScreen.storyboard */; };
		3803D61D1E83D6B40055226B /* __4_8Tests.m in Sources */ = {isa = PBXBuildFile; fileRef = 3803D61C1E83D6B40055226B /* __4_8Tests.m */; };
		3803D6281E83D6B40055226B /* __4_8UITests.m in Sources */ = {isa = PBXBuildFile; fileRef = 3803D6271E83D6B40055226B /* __4_8UITests.m */; };
		3895296A1E90D875000BEEEE /* PostPictureViewController.m in Sources */ = {isa = PBXBuildFile; fileRef = 389529691E90D875000BEEEE /* PostPictureViewController.m */; };
/* End PBXBuildFile section */

/* Begin PBXContainerItemProxy section */
		3803D6191E83D6B40055226B /* PBXContainerItemProxy */ = {
			isa = PBXContainerItemProxy;
			containerPortal = 3803D5F71E83D6B40055226B /* Project object */;
			proxyType = 1;
			remoteGlobalIDString = 3803D5FE1E83D6B40055226B;
			remoteInfo = "2-4-8";
		};
		3803D6241E83D6B40055226B /* PBXContainerItemProxy */ = {
			isa = PBXContainerItemProxy;
			containerPortal = 3803D5F71E83D6B40055226B /* Project object */;
			proxyType = 1;
			remoteGlobalIDString = 3803D5FE1E83D6B40055226B;
			remoteInfo = "2-4-8";
		};
/* End PBXContainerItemProxy section */

/* Begin PBXFileReference section */
		3803D5FF1E83D6B40055226B /* 2-4-8.app */ = {isa = PBXFileReference; explicitFileType = wrapper.application; includeInIndex = 0; path = "2-4-8.app"; sourceTree = BUILT_PRODUCTS_DIR; };
		3803D6031E83D6B40055226B /* main.m */ = {isa = PBXFileReference; lastKnownFileType = sourcecode.c.objc; path = main.m; sourceTree = "<group>"; };
		3803D6051E83D6B40055226B /* AppDelegate.h */ = {isa = PBXFileReference; lastKnownFileType = sourcecode.c.h; path = AppDelegate.h; sourceTree = "<group>"; };
		3803D6061E83D6B40055226B /* AppDelegate.m */ = {isa = PBXFileReference; lastKnownFileType = sourcecode.c.objc; path = AppDelegate.m; sourceTree = "<group>"; };
		3803D6081E83D6B40055226B /* ViewController.h */ = {isa = PBXFileReference; lastKnownFileType = sourcecode.c.h; path = ViewController.h; sourceTree = "<group>"; };
		3803D6091E83D6B40055226B /* ViewController.m */ = {isa = PBXFileReference; lastKnownFileType = sourcecode.c.objc; path = ViewController.m; sourceTree = "<group>"; };
		3803D60C1E83D6B40055226B /* Base */ = {isa = PBXFileReference; lastKnownFileType = file.storyboard; name = Base; path = Base.lproj/Main.storyboard; sourceTree = "<group>"; };
		3803D60E1E83D6B40055226B /* Assets.xcassets */ = {isa = PBXFileReference; lastKnownFileType = folder.assetcatalog; path = Assets.xcassets; sourceTree = "<group>"; };
		3803D6111E83D6B40055226B /* Base */ = {isa = PBXFileReference; lastKnownFileType = file.storyboard; name = Base; path = Base.lproj/LaunchScreen.storyboard; sourceTree = "<group>"; };
		3803D6131E83D6B40055226B /* Info.plist */ = {isa = PBXFileReference; lastKnownFileType = text.plist.xml; path = Info.plist; sourceTree = "<group>"; };
		3803D6181E83D6B40055226B /* 2-4-8Tests.xctest */ = {isa = PBXFileReference; explicitFileType = wrapper.cfbundle; includeInIndex = 0; path = "2-4-8Tests.xctest"; sourceTree = BUILT_PRODUCTS_DIR; };
		3803D61C1E83D6B40055226B /* __4_8Tests.m */ = {isa = PBXFileReference; lastKnownFileType = sourcecode.c.objc; path = __4_8Tests.m; sourceTree = "<group>"; };
		3803D61E1E83D6B40055226B /* Info.plist */ = {isa = PBXFileReference; lastKnownFileType = text.plist.xml; path = Info.plist; sourceTree = "<group>"; };
		3803D6231E83D6B40055226B /* 2-4-8UITests.xctest */ = {isa = PBXFileReference; explicitFileType = wrapper.cfbundle; includeInIndex = 0; path = "2-4-8UITests.xctest"; sourceTree = BUILT_PRODUCTS_DIR; };
		3803D6271E83D6B40055226B /* __4_8UITests.m */ = {isa = PBXFileReference; lastKnownFileType = sourcecode.c.objc; path = __4_8UITests.m; sourceTree = "<group>"; };
		3803D6291E83D6B40055226B /* Info.plist */ = {isa = PBXFileReference; lastKnownFileType = text.plist.xml; path = Info.plist; sourceTree = "<group>"; };
		389529681E90D875000BEEEE /* PostPictureViewController.h */ = {isa = PBXFileReference; fileEncoding = 4; lastKnownFileType = sourcecode.c.h; path = PostPictureViewController.h; sourceTree = "<group>"; };
		389529691E90D875000BEEEE /* PostPictureViewController.m */ = {isa = PBXFileReference; fileEncoding = 4; lastKnownFileType = sourcecode.c.objc; path = PostPictureViewController.m; sourceTree = "<group>"; };
/* End PBXFileReference section */

/* Begin PBXFrameworksBuildPhase section */
		3803D5FC1E83D6B40055226B /* Frameworks */ = {
			isa = PBXFrameworksBuildPhase;
			buildActionMask = 2147483647;
			files = (
			);
			runOnlyForDeploymentPostprocessing = 0;
		};
		3803D6151E83D6B40055226B /* Frameworks */ = {
			isa = PBXFrameworksBuildPhase;
			buildActionMask = 2147483647;
			files = (
			);
			runOnlyForDeploymentPostprocessing = 0;
		};
		3803D6201E83D6B40055226B /* Frameworks */ = {
			isa = PBXFrameworksBuildPhase;
			buildActionMask = 2147483647;
			files = (
			);
			runOnlyForDeploymentPostprocessing = 0;
		};
/* End PBXFrameworksBuildPhase section */

/* Begin PBXGroup section */
		3803D5F61E83D6B40055226B = {
			isa = PBXGroup;
			children = (
				3803D6011E83D6B40055226B /* 2-4-8 */,
				3803D61B1E83D6B40055226B /* 2-4-8Tests */,
				3803D6261E83D6B40055226B /* 2-4-8UITests */,
				3803D6001E83D6B40055226B /* Products */,
			);
			sourceTree = "<group>";
		};
		3803D6001E83D6B40055226B /* Products */ = {
			isa = PBXGroup;
			children = (
				3803D5FF1E83D6B40055226B /* 2-4-8.app */,
				3803D6181E83D6B40055226B /* 2-4-8Tests.xctest */,
				3803D6231E83D6B40055226B /* 2-4-8UITests.xctest */,
			);
			name = Products;
			sourceTree = "<group>";
		};
		3803D6011E83D6B40055226B /* 2-4-8 */ = {
			isa = PBXGroup;
			children = (
				3803D6051E83D6B40055226B /* AppDelegate.h */,
				3803D6061E83D6B40055226B /* AppDelegate.m */,
				3803D6091E83D6B40055226B /* ViewController.m */,
				3803D6081E83D6B40055226B /* ViewController.h */,
				389529681E90D875000BEEEE /* PostPictureViewController.h */,
				389529691E90D875000BEEEE /* PostPictureViewController.m */,
				3803D60B1E83D6B40055226B /* Main.storyboard */,
				3803D60E1E83D6B40055226B /* Assets.xcassets */,
				3803D6101E83D6B40055226B /* LaunchScreen.storyboard */,
				3803D6131E83D6B40055226B /* Info.plist */,
				3803D6021E83D6B40055226B /* Supporting Files */,
			);
			path = "2-4-8";
			sourceTree = "<group>";
		};
		3803D6021E83D6B40055226B /* Supporting Files */ = {
			isa = PBXGroup;
			children = (
				3803D6031E83D6B40055226B /* main.m */,
			);
			name = "Supporting Files";
			sourceTree = "<group>";
		};
		3803D61B1E83D6B40055226B /* 2-4-8Tests */ = {
			isa = PBXGroup;
			children = (
				3803D61C1E83D6B40055226B /* __4_8Tests.m */,
				3803D61E1E83D6B40055226B /* Info.plist */,
			);
			path = "2-4-8Tests";
			sourceTree = "<group>";
		};
		3803D6261E83D6B40055226B /* 2-4-8UITests */ = {
			isa = PBXGroup;
			children = (
				3803D6271E83D6B40055226B /* __4_8UITests.m */,
				3803D6291E83D6B40055226B /* Info.plist */,
			);
			path = "2-4-8UITests";
			sourceTree = "<group>";
		};
/* End PBXGroup section */

/* Begin PBXNativeTarget section */
		3803D5FE1E83D6B40055226B /* 2-4-8 */ = {
			isa = PBXNativeTarget;
			buildConfigurationList = 3803D62C1E83D6B40055226B /* Build configuration list for PBXNativeTarget "2-4-8" */;
			buildPhases = (
				3803D5FB1E83D6B40055226B /* Sources */,
				3803D5FC1E83D6B40055226B /* Frameworks */,
				3803D5FD1E83D6B40055226B /* Resources */,
			);
			buildRules = (
			);
			dependencies = (
			);
			name = "2-4-8";
			productName = "2-4-8";
			productReference = 3803D5FF1E83D6B40055226B /* 2-4-8.app */;
			productType = "com.apple.product-type.application";
		};
		3803D6171E83D6B40055226B /* 2-4-8Tests */ = {
			isa = PBXNativeTarget;
			buildConfigurationList = 3803D62F1E83D6B40055226B /* Build configuration list for PBXNativeTarget "2-4-8Tests" */;
			buildPhases = (
				3803D6141E83D6B40055226B /* Sources */,
				3803D6151E83D6B40055226B /* Frameworks */,
				3803D6161E83D6B40055226B /* Resources */,
			);
			buildRules = (
			);
			dependencies = (
				3803D61A1E83D6B40055226B /* PBXTargetDependency */,
			);
			name = "2-4-8Tests";
			productName = "2-4-8Tests";
			productReference = 3803D6181E83D6B40055226B /* 2-4-8Tests.xctest */;
			productType = "com.apple.product-type.bundle.unit-test";
		};
		3803D6221E83D6B40055226B /* 2-4-8UITests */ = {
			isa = PBXNativeTarget;
			buildConfigurationList = 3803D6321E83D6B40055226B /* Build configuration list for PBXNativeTarget "2-4-8UITests" */;
			buildPhases = (
				3803D61F1E83D6B40055226B /* Sources */,
				3803D6201E83D6B40055226B /* Frameworks */,
				3803D6211E83D6B40055226B /* Resources */,
			);
			buildRules = (
			);
			dependencies = (
				3803D6251E83D6B40055226B /* PBXTargetDependency */,
			);
			name = "2-4-8UITests";
			productName = "2-4-8UITests";
			productReference = 3803D6231E83D6B40055226B /* 2-4-8UITests.xctest */;
			productType = "com.apple.product-type.bundle.ui-testing";
		};
/* End PBXNativeTarget section */

/* Begin PBXProject section */
		3803D5F71E83D6B40055226B /* Project object */ = {
			isa = PBXProject;
			attributes = {
				LastUpgradeCheck = 0820;
				ORGANIZATIONNAME = "Manami Ichikawa";
				TargetAttributes = {
					3803D5FE1E83D6B40055226B = {
						CreatedOnToolsVersion = 8.2.1;
						DevelopmentTeam = Z5UL7KG948;
						ProvisioningStyle = Automatic;
					};
					3803D6171E83D6B40055226B = {
						CreatedOnToolsVersion = 8.2.1;
						ProvisioningStyle = Automatic;
						TestTargetID = 3803D5FE1E83D6B40055226B;
					};
					3803D6221E83D6B40055226B = {
						CreatedOnToolsVersion = 8.2.1;
						ProvisioningStyle = Automatic;
						TestTargetID = 3803D5FE1E83D6B40055226B;
					};
				};
			};
			buildConfigurationList = 3803D5FA1E83D6B40055226B /* Build configuration list for PBXProject "2-4-8" */;
			compatibilityVersion = "Xcode 3.2";
			developmentRegion = English;
			hasScannedForEncodings = 0;
			knownRegions = (
				en,
				Base,
			);
			mainGroup = 3803D5F61E83D6B40055226B;
			productRefGroup = 3803D6001E83D6B40055226B /* Products */;
			projectDirPath = "";
			projectRoot = "";
			targets = (
				3803D5FE1E83D6B40055226B /* 2-4-8 */,
				3803D6171E83D6B40055226B /* 2-4-8Tests */,
				3803D6221E83D6B40055226B /* 2-4-8UITests */,
			);
		};
/* End PBXProject section */

/* Begin PBXResourcesBuildPhase section */
		3803D5FD1E83D6B40055226B /* Resources */ = {
			isa = PBXResourcesBuildPhase;
			buildActionMask = 2147483647;
			files = (
				3803D6121E83D6B40055226B /* LaunchScreen.storyboard in Resources */,
				3803D60F1E83D6B40055226B /* Assets.xcassets in Resources */,
				3803D60D1E83D6B40055226B /* Main.storyboard in Resources */,
			);
			runOnlyForDeploymentPostprocessing = 0;
		};
		3803D6161E83D6B40055226B /* Resources */ = {
			isa = PBXResourcesBuildPhase;
			buildActionMask = 2147483647;
			files = (
			);
			runOnlyForDeploymentPostprocessing = 0;
		};
		3803D6211E83D6B40055226B /* Resources */ = {
			isa = PBXResourcesBuildPhase;
			buildActionMask = 2147483647;
			files = (
			);
			runOnlyForDeploymentPostprocessing = 0;
		};
/* End PBXResourcesBuildPhase section */

/* Begin PBXSourcesBuildPhase section */
		3803D5FB1E83D6B40055226B /* Sources */ = {
			isa = PBXSourcesBuildPhase;
			buildActionMask = 2147483647;
			files = (
				3803D60A1E83D6B40055226B /* ViewController.m in Sources */,
				3803D6071E83D6B40055226B /* AppDelegate.m in Sources */,
				3803D6041E83D6B40055226B /* main.m in Sources */,
				3895296A1E90D875000BEEEE /* PostPictureViewController.m in Sources */,
			);
			runOnlyForDeploymentPostprocessing = 0;
		};
		3803D6141E83D6B40055226B /* Sources */ = {
			isa = PBXSourcesBuildPhase;
			buildActionMask = 2147483647;
			files = (
				3803D61D1E83D6B40055226B /* __4_8Tests.m in Sources */,
			);
			runOnlyForDeploymentPostprocessing = 0;
		};
		3803D61F1E83D6B40055226B /* Sources */ = {
			isa = PBXSourcesBuildPhase;
			buildActionMask = 2147483647;
			files = (
				3803D6281E83D6B40055226B /* __4_8UITests.m in Sources */,
			);
			runOnlyForDeploymentPostprocessing = 0;
		};
/* End PBXSourcesBuildPhase section */

/* Begin PBXTargetDependency section */
		3803D61A1E83D6B40055226B /* PBXTargetDependency */ = {
			isa = PBXTargetDependency;
			target = 3803D5FE1E83D6B40055226B /* 2-4-8 */;
			targetProxy = 3803D6191E83D6B40055226B /* PBXContainerItemProxy */;
		};
		3803D6251E83D6B40055226B /* PBXTargetDependency */ = {
			isa = PBXTargetDependency;
			target = 3803D5FE1E83D6B40055226B /* 2-4-8 */;
			targetProxy = 3803D6241E83D6B40055226B /* PBXContainerItemProxy */;
		};
/* End PBXTargetDependency section */

/* Begin PBXVariantGroup section */
		3803D60B1E83D6B40055226B /* Main.storyboard */ = {
			isa = PBXVariantGroup;
			children = (
				3803D60C1E83D6B40055226B /* Base */,
			);
			name = Main.storyboard;
			sourceTree = "<group>";
		};
		3803D6101E83D6B40055226B /* LaunchScreen.storyboard */ = {
			isa = PBXVariantGroup;
			children = (
				3803D6111E83D6B40055226B /* Base */,
			);
			name = LaunchScreen.storyboard;
			sourceTree = "<group>";
		};
/* End PBXVariantGroup section */

/* Begin XCBuildConfiguration section */
		3803D62A1E83D6B40055226B /* Debug */ = {
			isa = XCBuildConfiguration;
			buildSettings = {
				ALWAYS_SEARCH_USER_PATHS = NO;
				CLANG_ANALYZER_NONNULL = YES;
				CLANG_CXX_LANGUAGE_STANDARD = "gnu++0x";
				CLANG_CXX_LIBRARY = "libc++";
				CLANG_ENABLE_MODULES = YES;
				CLANG_ENABLE_OBJC_ARC = YES;
				CLANG_WARN_BOOL_CONVERSION = YES;
				CLANG_WARN_CONSTANT_CONVERSION = YES;
				CLANG_WARN_DIRECT_OBJC_ISA_USAGE = YES_ERROR;
				CLANG_WARN_DOCUMENTATION_COMMENTS = YES;
				CLANG_WARN_EMPTY_BODY = YES;
				CLANG_WARN_ENUM_CONVERSION = YES;
				CLANG_WARN_INFINITE_RECURSION = YES;
				CLANG_WARN_INT_CONVERSION = YES;
				CLANG_WARN_OBJC_ROOT_CLASS = YES_ERROR;
				CLANG_WARN_SUSPICIOUS_MOVE = YES;
				CLANG_WARN_UNREACHABLE_CODE = YES;
				CLANG_WARN__DUPLICATE_METHOD_MATCH = YES;
				"CODE_SIGN_IDENTITY[sdk=iphoneos*]" = "iPhone Developer";
				COPY_PHASE_STRIP = NO;
				DEBUG_INFORMATION_FORMAT = dwarf;
				ENABLE_STRICT_OBJC_MSGSEND = YES;
				ENABLE_TESTABILITY = YES;
				GCC_C_LANGUAGE_STANDARD = gnu99;
				GCC_DYNAMIC_NO_PIC = NO;
				GCC_NO_COMMON_BLOCKS = YES;
				GCC_OPTIMIZATION_LEVEL = 0;
				GCC_PREPROCESSOR_DEFINITIONS = (
					"DEBUG=1",
					"$(inherited)",
				);
				GCC_WARN_64_TO_32_BIT_CONVERSION = YES;
				GCC_WARN_ABOUT_RETURN_TYPE = YES_ERROR;
				GCC_WARN_UNDECLARED_SELECTOR = YES;
				GCC_WARN_UNINITIALIZED_AUTOS = YES_AGGRESSIVE;
				GCC_WARN_UNUSED_FUNCTION = YES;
				GCC_WARN_UNUSED_VARIABLE = YES;
				IPHONEOS_DEPLOYMENT_TARGET = 10.2;
				MTL_ENABLE_DEBUG_INFO = YES;
				ONLY_ACTIVE_ARCH = YES;
				SDKROOT = iphoneos;
				TARGETED_DEVICE_FAMILY = "1,2";
			};
			name = Debug;
		};
		3803D62B1E83D6B40055226B /* Release */ = {
			isa = XCBuildConfiguration;
			buildSettings = {
				ALWAYS_SEARCH_USER_PATHS = NO;
				CLANG_ANALYZER_NONNULL = YES;
				CLANG_CXX_LANGUAGE_STANDARD = "gnu++0x";
				CLANG_CXX_LIBRARY = "libc++";
				CLANG_ENABLE_MODULES = YES;
				CLANG_ENABLE_OBJC_ARC = YES;
				CLANG_WARN_BOOL_CONVERSION = YES;
				CLANG_WARN_CONSTANT_CONVERSION = YES;
				CLANG_WARN_DIRECT_OBJC_ISA_USAGE = YES_ERROR;
				CLANG_WARN_DOCUMENTATION_COMMENTS = YES;
				CLANG_WARN_EMPTY_BODY = YES;
				CLANG_WARN_ENUM_CONVERSION = YES;
				CLANG_WARN_INFINITE_RECURSION = YES;
				CLANG_WARN_INT_CONVERSION = YES;
				CLANG_WARN_OBJC_ROOT_CLASS = YES_ERROR;
				CLANG_WARN_SUSPICIOUS_MOVE = YES;
				CLANG_WARN_UNREACHABLE_CODE = YES;
				CLANG_WARN__DUPLICATE_METHOD_MATCH = YES;
				"CODE_SIGN_IDENTITY[sdk=iphoneos*]" = "iPhone Developer";
				COPY_PHASE_STRIP = NO;
				DEBUG_INFORMATION_FORMAT = "dwarf-with-dsym";
				ENABLE_NS_ASSERTIONS = NO;
				ENABLE_STRICT_OBJC_MSGSEND = YES;
				GCC_C_LANGUAGE_STANDARD = gnu99;
				GCC_NO_COMMON_BLOCKS = YES;
				GCC_WARN_64_TO_32_BIT_CONVERSION = YES;
				GCC_WARN_ABOUT_RETURN_TYPE = YES_ERROR;
				GCC_WARN_UNDECLARED_SELECTOR = YES;
				GCC_WARN_UNINITIALIZED_AUTOS = YES_AGGRESSIVE;
				GCC_WARN_UNUSED_FUNCTION = YES;
				GCC_WARN_UNUSED_VARIABLE = YES;
				IPHONEOS_DEPLOYMENT_TARGET = 10.2;
				MTL_ENABLE_DEBUG_INFO = NO;
				SDKROOT = iphoneos;
				TARGETED_DEVICE_FAMILY = "1,2";
				VALIDATE_PRODUCT = YES;
			};
			name = Release;
		};
		3803D62D1E83D6B40055226B /* Debug */ = {
			isa = XCBuildConfiguration;
			buildSettings = {
				ASSETCATALOG_COMPILER_APPICON_NAME = AppIcon;
				DEVELOPMENT_TEAM = Z5UL7KG948;
				INFOPLIST_FILE = "2-4-8/Info.plist";
				LD_RUNPATH_SEARCH_PATHS = "$(inherited) @executable_path/Frameworks";
				PRODUCT_BUNDLE_IDENTIFIER = "edu.myself.--4-8";
				PRODUCT_NAME = "$(TARGET_NAME)";
			};
			name = Debug;
		};
		3803D62E1E83D6B40055226B /* Release */ = {
			isa = XCBuildConfiguration;
			buildSettings = {
				ASSETCATALOG_COMPILER_APPICON_NAME = AppIcon;
				DEVELOPMENT_TEAM = Z5UL7KG948;
				INFOPLIST_FILE = "2-4-8/Info.plist";
				LD_RUNPATH_SEARCH_PATHS = "$(inherited) @executable_path/Frameworks";
				PRODUCT_BUNDLE_IDENTIFIER = "edu.myself.--4-8";
				PRODUCT_NAME = "$(TARGET_NAME)";
			};
			name = Release;
		};
		3803D6301E83D6B40055226B /* Debug */ = {
			isa = XCBuildConfiguration;
			buildSettings = {
				BUNDLE_LOADER = "$(TEST_HOST)";
				INFOPLIST_FILE = "2-4-8Tests/Info.plist";
				LD_RUNPATH_SEARCH_PATHS = "$(inherited) @executable_path/Frameworks @loader_path/Frameworks";
				PRODUCT_BUNDLE_IDENTIFIER = "edu.myself.--4-8Tests";
				PRODUCT_NAME = "$(TARGET_NAME)";
				TEST_HOST = "$(BUILT_PRODUCTS_DIR)/2-4-8.app/2-4-8";
			};
			name = Debug;
		};
		3803D6311E83D6B40055226B /* Release */ = {
			isa = XCBuildConfiguration;
			buildSettings = {
				BUNDLE_LOADER = "$(TEST_HOST)";
				INFOPLIST_FILE = "2-4-8Tests/Info.plist";
				LD_RUNPATH_SEARCH_PATHS = "$(inherited) @executable_path/Frameworks @loader_path/Frameworks";
				PRODUCT_BUNDLE_IDENTIFIER = "edu.myself.--4-8Tests";
				PRODUCT_NAME = "$(TARGET_NAME)";
				TEST_HOST = "$(BUILT_PRODUCTS_DIR)/2-4-8.app/2-4-8";
			};
			name = Release;
		};
		3803D6331E83D6B40055226B /* Debug */ = {
			isa = XCBuildConfiguration;
			buildSettings = {
				INFOPLIST_FILE = "2-4-8UITests/Info.plist";
				LD_RUNPATH_SEARCH_PATHS = "$(inherited) @executable_path/Frameworks @loader_path/Frameworks";
				PRODUCT_BUNDLE_IDENTIFIER = "edu.myself.--4-8UITests";
				PRODUCT_NAME = "$(TARGET_NAME)";
				TEST_TARGET_NAME = "2-4-8";
			};
			name = Debug;
		};
		3803D6341E83D6B40055226B /* Release */ = {
			isa = XCBuildConfiguration;
			buildSettings = {
				INFOPLIST_FILE = "2-4-8UITests/Info.plist";
				LD_RUNPATH_SEARCH_PATHS = "$(inherited) @executable_path/Frameworks @loader_path/Frameworks";
				PRODUCT_BUNDLE_IDENTIFIER = "edu.myself.--4-8UITests";
				PRODUCT_NAME = "$(TARGET_NAME)";
				TEST_TARGET_NAME = "2-4-8";
			};
			name = Release;
		};
/* End XCBuildConfiguration section */

/* Begin XCConfigurationList section */
		3803D5FA1E83D6B40055226B /* Build configuration list for PBXProject "2-4-8" */ = {
			isa = XCConfigurationList;
			buildConfigurations = (
				3803D62A1E83D6B40055226B /* Debug */,
				3803D62B1E83D6B40055226B /* Release */,
			);
			defaultConfigurationIsVisible = 0;
			defaultConfigurationName = Release;
		};
		3803D62C1E83D6B40055226B /* Build configuration list for PBXNativeTarget "2-4-8" */ = {
			isa = XCConfigurationList;
			buildConfigurations = (
				3803D62D1E83D6B40055226B /* Debug */,
				3803D62E1E83D6B40055226B /* Release */,
			);
			defaultConfigurationIsVisible = 0;
			defaultConfigurationName = Release;
		};
		3803D62F1E83D6B40055226B /* Build configuration list for PBXNativeTarget "2-4-8Tests" */ = {
			isa = XCConfigurationList;
			buildConfigurations = (
				3803D6301E83D6B40055226B /* Debug */,
				3803D6311E83D6B40055226B /* Release */,
			);
			defaultConfigurationIsVisible = 0;
			defaultConfigurationName = Release;
		};
		3803D6321E83D6B40055226B /* Build configuration list for PBXNativeTarget "2-4-8UITests" */ = {
			isa = XCConfigurationList;
			buildConfigurations = (
				3803D6331E83D6B40055226B /* Debug */,
				3803D6341E83D6B40055226B /* Release */,
			);
			defaultConfigurationIsVisible = 0;
			defaultConfigurationName = Release;
		};
/* End XCConfigurationList section */
	};
	rootObject = 3803D5F71E83D6B40055226B /* Project object */;
}
